
Microsoft Visual Studio Solution File, Format Version 12.00
# Visual Studio Version 17
VisualStudioVersion = 17.5.002.0
MinimumVisualStudioVersion = 10.0.40219.1
Project("{9A19103F-16F7-4668-BE54-9A1E7A4F7556}") = "Learning02", "Learning02.csproj", "{83AD40B3-FD9E-4D07-957F-088038FE48B4}"
EndProject
Global
	GlobalSection(SolutionConfigurationPlatforms) = preSolution
		Debug|Any CPU = Debug|Any CPU
		Release|Any CPU = Release|Any CPU
	EndGlobalSection
	GlobalSection(ProjectConfigurationPlatforms) = postSolution
		{83AD40B3-FD9E-4D07-957F-088038FE48B4}.Debug|Any CPU.ActiveCfg = Debug|Any CPU
		{83AD40B3-FD9E-4D07-957F-088038FE48B4}.Debug|Any CPU.Build.0 = Debug|Any CPU
		{83AD40B3-FD9E-4D07-957F-088038FE48B4}.Release|Any CPU.ActiveCfg = Release|Any CPU
		{83AD40B3-FD9E-4D07-957F-088038FE48B4}.Release|Any CPU.Build.0 = Release|Any CPU
	EndGlobalSection
	GlobalSection(SolutionProperties) = preSolution
		HideSolutionNode = FALSE
	EndGlobalSection
	GlobalSection(ExtensibilityGlobals) = postSolution
		SolutionGuid = {D2C87DEF-AC65-4767-99D6-640281D80BFB}
	EndGlobalSection
EndGlobal
